
Microsoft Visual Studio Solution File, Format Version 12.00
# Visual Studio Version 17
VisualStudioVersion = 17.0.31825.309
MinimumVisualStudioVersion = 10.0.40219.1
Project("{FAE04EC0-301F-11D3-BF4B-00C04F79EFBC}") = "QMediaVSIX", "QMediaVSIX.csproj", "{194E26B7-925A-4AB6-8E67-268E6E03B1D3}"
EndProject
Project("{FAE04EC0-301F-11D3-BF4B-00C04F79EFBC}") = "QDebug", "QDebug\QDebug.csproj", "{46B3B7C2-841E-4D17-92BD-250B91C5ACD1}"
EndProject
Project("{FAE04EC0-301F-11D3-BF4B-00C04F79EFBC}") = "QMediaVSIX.Core", "QMediaVSIX.Core\QMediaVSIX.Core.csproj", "{E0DFE3C8-B2CB-45E8-92D1-21A5C3926831}"
EndProject
Project("{FAE04EC0-301F-11D3-BF4B-00C04F79EFBC}") = "QMediaVSIX.CLI", "QMediaVSIX.CLI\QMediaVSIX.CLI.csproj", "{29F90665-77A2-4A70-A04B-2A3E9A4803B9}"
EndProject
Global
	GlobalSection(SolutionConfigurationPlatforms) = preSolution
		Debug|Any CPU = Debug|Any CPU
		Debug|x86 = Debug|x86
		Release|Any CPU = Release|Any CPU
		Release|x86 = Release|x86
	EndGlobalSection
	GlobalSection(ProjectConfigurationPlatforms) = postSolution
		{194E26B7-925A-4AB6-8E67-268E6E03B1D3}.Debug|Any CPU.ActiveCfg = Debug|Any CPU
		{194E26B7-925A-4AB6-8E67-268E6E03B1D3}.Debug|Any CPU.Build.0 = Debug|Any CPU
		{194E26B7-925A-4AB6-8E67-268E6E03B1D3}.Debug|x86.ActiveCfg = Debug|x86
		{194E26B7-925A-4AB6-8E67-268E6E03B1D3}.Debug|x86.Build.0 = Debug|x86
		{194E26B7-925A-4AB6-8E67-268E6E03B1D3}.Release|Any CPU.ActiveCfg = Release|Any CPU
		{194E26B7-925A-4AB6-8E67-268E6E03B1D3}.Release|Any CPU.Build.0 = Release|Any CPU
		{194E26B7-925A-4AB6-8E67-268E6E03B1D3}.Release|x86.ActiveCfg = Release|x86
		{194E26B7-925A-4AB6-8E67-268E6E03B1D3}.Release|x86.Build.0 = Release|x86
		{46B3B7C2-841E-4D17-92BD-250B91C5ACD1}.Debug|Any CPU.ActiveCfg = Debug|Any CPU
		{46B3B7C2-841E-4D17-92BD-250B91C5ACD1}.Debug|Any CPU.Build.0 = Debug|Any CPU
		{46B3B7C2-841E-4D17-92BD-250B91C5ACD1}.Debug|x86.ActiveCfg = Debug|Any CPU
		{46B3B7C2-841E-4D17-92BD-250B91C5ACD1}.Debug|x86.Build.0 = Debug|Any CPU
		{46B3B7C2-841E-4D17-92BD-250B91C5ACD1}.Release|Any CPU.ActiveCfg = Release|Any CPU
		{46B3B7C2-841E-4D17-92BD-250B91C5ACD1}.Release|Any CPU.Build.0 = Release|Any CPU
		{46B3B7C2-841E-4D17-92BD-250B91C5ACD1}.Release|x86.ActiveCfg = Release|Any CPU
		{46B3B7C2-841E-4D17-92BD-250B91C5ACD1}.Release|x86.Build.0 = Release|Any CPU
		{E0DFE3C8-B2CB-45E8-92D1-21A5C3926831}.Debug|Any CPU.ActiveCfg = Debug|Any CPU
		{E0DFE3C8-B2CB-45E8-92D1-21A5C3926831}.Debug|Any CPU.Build.0 = Debug|Any CPU
		{E0DFE3C8-B2CB-45E8-92D1-21A5C3926831}.Debug|x86.ActiveCfg = Debug|Any CPU
		{E0DFE3C8-B2CB-45E8-92D1-21A5C3926831}.Debug|x86.Build.0 = Debug|Any CPU
		{E0DFE3C8-B2CB-45E8-92D1-21A5C3926831}.Release|Any CPU.ActiveCfg = Release|Any CPU
		{E0DFE3C8-B2CB-45E8-92D1-21A5C3926831}.Release|Any CPU.Build.0 = Release|Any CPU
		{E0DFE3C8-B2CB-45E8-92D1-21A5C3926831}.Release|x86.ActiveCfg = Release|Any CPU
		{E0DFE3C8-B2CB-45E8-92D1-21A5C3926831}.Release|x86.Build.0 = Release|Any CPU
		{29F90665-77A2-4A70-A04B-2A3E9A4803B9}.Debug|Any CPU.ActiveCfg = Debug|Any CPU
		{29F90665-77A2-4A70-A04B-2A3E9A4803B9}.Debug|Any CPU.Build.0 = Debug|Any CPU
		{29F90665-77A2-4A70-A04B-2A3E9A4803B9}.Debug|x86.ActiveCfg = Debug|Any CPU
		{29F90665-77A2-4A70-A04B-2A3E9A4803B9}.Debug|x86.Build.0 = Debug|Any CPU
		{29F90665-77A2-4A70-A04B-2A3E9A4803B9}.Release|Any CPU.ActiveCfg = Release|Any CPU
		{29F90665-77A2-4A70-A04B-2A3E9A4803B9}.Release|Any CPU.Build.0 = Release|Any CPU
		{29F90665-77A2-4A70-A04B-2A3E9A4803B9}.Release|x86.ActiveCfg = Release|Any CPU
		{29F90665-77A2-4A70-A04B-2A3E9A4803B9}.Release|x86.Build.0 = Release|Any CPU
	EndGlobalSection
	GlobalSection(SolutionProperties) = preSolution
		HideSolutionNode = FALSE
	EndGlobalSection
	GlobalSection(ExtensibilityGlobals) = postSolution
		SolutionGuid = {026D9299-AFE6-4E15-97B0-908E4CED2204}
	EndGlobalSection
EndGlobal
