
Microsoft Visual Studio Solution File, Format Version 12.00
# Visual Studio 2012
Project("{FAE04EC0-301F-11D3-BF4B-00C04F79EFBC}") = "Windows.Foundation.UniversalApiContract", "Windows.Foundation.UniversalApiContract.csproj", "{A611658B-676B-4697-B936-C0FC075B8AA8}"
EndProject
Global
	GlobalSection(SolutionConfigurationPlatforms) = preSolution
		Debug|Any CPU = Debug|Any CPU
		Release|Any CPU = Release|Any CPU
	EndGlobalSection
	GlobalSection(ProjectConfigurationPlatforms) = postSolution
		{A611658B-676B-4697-B936-C0FC075B8AA8}.Debug|Any CPU.ActiveCfg = Debug|Any CPU
		{A611658B-676B-4697-B936-C0FC075B8AA8}.Debug|Any CPU.Build.0 = Debug|Any CPU
		{A611658B-676B-4697-B936-C0FC075B8AA8}.Release|Any CPU.ActiveCfg = Release|Any CPU
		{A611658B-676B-4697-B936-C0FC075B8AA8}.Release|Any CPU.Build.0 = Release|Any CPU
	EndGlobalSection
	GlobalSection(SolutionProperties) = preSolution
		HideSolutionNode = FALSE
	EndGlobalSection
EndGlobal
